
Microsoft Visual Studio Solution File, Format Version 12.00
# Visual Studio 15
VisualStudioVersion = 15.0.28307.136
MinimumVisualStudioVersion = 10.0.40219.1
Project("{FAE04EC0-301F-11D3-BF4B-00C04F79EFBC}") = "TesoApp.Common", "TesoApp.Common\TesoApp.Common.csproj", "{D62184B1-C03C-431B-8AFA-A4CB48E93716}"
EndProject
Project("{FAE04EC0-301F-11D3-BF4B-00C04F79EFBC}") = "TesoApp.Application", "TesoApp.Application\TesoApp.Application.csproj", "{1AA7F7FB-3795-4869-A687-8322DA205072}"
EndProject
Project("{FAE04EC0-301F-11D3-BF4B-00C04F79EFBC}") = "TesoApp.Application.Contracts", "TesoApp.Application.Contracts\TesoApp.Application.Contracts.csproj", "{28000B95-BABA-4838-BB16-F8EB5223DDEB}"
EndProject
Project("{FAE04EC0-301F-11D3-BF4B-00C04F79EFBC}") = "TesoApp.Business", "TesoApp.Business\TesoApp.Business.csproj", "{7F6AD034-2001-4E9B-979C-766B9B16C5B8}"
EndProject
Project("{FAE04EC0-301F-11D3-BF4B-00C04F79EFBC}") = "TesoApp.Core.Contracts", "TesoApp.Core.Contracts\TesoApp.Core.Contracts.csproj", "{EAF05CA2-DE67-4C15-80F7-FC03B21B67ED}"
EndProject
Project("{FAE04EC0-301F-11D3-BF4B-00C04F79EFBC}") = "TesoApp.Core", "TesoApp.Core\TesoApp.Core.csproj", "{4D051205-7BB1-4E57-B17A-A19A00E8A8F9}"
EndProject
Project("{FAE04EC0-301F-11D3-BF4B-00C04F79EFBC}") = "TesoApp.API", "TesoApp.API\TesoApp.API.csproj", "{CBF75F16-3374-4537-BDB1-13E9866CFA68}"
EndProject
Global
	GlobalSection(SolutionConfigurationPlatforms) = preSolution
		Debug|Any CPU = Debug|Any CPU
		Release|Any CPU = Release|Any CPU
	EndGlobalSection
	GlobalSection(ProjectConfigurationPlatforms) = postSolution
		{D62184B1-C03C-431B-8AFA-A4CB48E93716}.Debug|Any CPU.ActiveCfg = Debug|Any CPU
		{D62184B1-C03C-431B-8AFA-A4CB48E93716}.Debug|Any CPU.Build.0 = Debug|Any CPU
		{D62184B1-C03C-431B-8AFA-A4CB48E93716}.Release|Any CPU.ActiveCfg = Release|Any CPU
		{D62184B1-C03C-431B-8AFA-A4CB48E93716}.Release|Any CPU.Build.0 = Release|Any CPU
		{1AA7F7FB-3795-4869-A687-8322DA205072}.Debug|Any CPU.ActiveCfg = Debug|Any CPU
		{1AA7F7FB-3795-4869-A687-8322DA205072}.Debug|Any CPU.Build.0 = Debug|Any CPU
		{1AA7F7FB-3795-4869-A687-8322DA205072}.Release|Any CPU.ActiveCfg = Release|Any CPU
		{1AA7F7FB-3795-4869-A687-8322DA205072}.Release|Any CPU.Build.0 = Release|Any CPU
		{28000B95-BABA-4838-BB16-F8EB5223DDEB}.Debug|Any CPU.ActiveCfg = Debug|Any CPU
		{28000B95-BABA-4838-BB16-F8EB5223DDEB}.Debug|Any CPU.Build.0 = Debug|Any CPU
		{28000B95-BABA-4838-BB16-F8EB5223DDEB}.Release|Any CPU.ActiveCfg = Release|Any CPU
		{28000B95-BABA-4838-BB16-F8EB5223DDEB}.Release|Any CPU.Build.0 = Release|Any CPU
		{7F6AD034-2001-4E9B-979C-766B9B16C5B8}.Debug|Any CPU.ActiveCfg = Debug|Any CPU
		{7F6AD034-2001-4E9B-979C-766B9B16C5B8}.Debug|Any CPU.Build.0 = Debug|Any CPU
		{7F6AD034-2001-4E9B-979C-766B9B16C5B8}.Release|Any CPU.ActiveCfg = Release|Any CPU
		{7F6AD034-2001-4E9B-979C-766B9B16C5B8}.Release|Any CPU.Build.0 = Release|Any CPU
		{EAF05CA2-DE67-4C15-80F7-FC03B21B67ED}.Debug|Any CPU.ActiveCfg = Debug|Any CPU
		{EAF05CA2-DE67-4C15-80F7-FC03B21B67ED}.Debug|Any CPU.Build.0 = Debug|Any CPU
		{EAF05CA2-DE67-4C15-80F7-FC03B21B67ED}.Release|Any CPU.ActiveCfg = Release|Any CPU
		{EAF05CA2-DE67-4C15-80F7-FC03B21B67ED}.Release|Any CPU.Build.0 = Release|Any CPU
		{4D051205-7BB1-4E57-B17A-A19A00E8A8F9}.Debug|Any CPU.ActiveCfg = Debug|Any CPU
		{4D051205-7BB1-4E57-B17A-A19A00E8A8F9}.Debug|Any CPU.Build.0 = Debug|Any CPU
		{4D051205-7BB1-4E57-B17A-A19A00E8A8F9}.Release|Any CPU.ActiveCfg = Release|Any CPU
		{4D051205-7BB1-4E57-B17A-A19A00E8A8F9}.Release|Any CPU.Build.0 = Release|Any CPU
		{CBF75F16-3374-4537-BDB1-13E9866CFA68}.Debug|Any CPU.ActiveCfg = Debug|Any CPU
		{CBF75F16-3374-4537-BDB1-13E9866CFA68}.Debug|Any CPU.Build.0 = Debug|Any CPU
		{CBF75F16-3374-4537-BDB1-13E9866CFA68}.Release|Any CPU.ActiveCfg = Release|Any CPU
		{CBF75F16-3374-4537-BDB1-13E9866CFA68}.Release|Any CPU.Build.0 = Release|Any CPU
	EndGlobalSection
	GlobalSection(SolutionProperties) = preSolution
		HideSolutionNode = FALSE
	EndGlobalSection
	GlobalSection(ExtensibilityGlobals) = postSolution
		SolutionGuid = {536B6F52-4CB4-4AA2-B164-FA642F88FB38}
	EndGlobalSection
EndGlobal
